// !$*UTF8*$!
{
	archiveVersion = 1;
	classes = {
	};
	objectVersion = 50;
	objects = {

/* Begin PBXBuildFile section */
		A517961620BFC7AE004DA90C /* AppDelegate.swift in Sources */ = {isa = PBXBuildFile; fileRef = A517961520BFC7AE004DA90C /* AppDelegate.swift */; };
		A517961820BFC7AF004DA90C /* ViewController.swift in Sources */ = {isa = PBXBuildFile; fileRef = A517961720BFC7AF004DA90C /* ViewController.swift */; };
		A517961B20BFC7AF004DA90C /* Main.storyboard in Resources */ = {isa = PBXBuildFile; fileRef = A517961920BFC7AF004DA90C /* Main.storyboard */; };
		A517961D20BFC7B2004DA90C /* Assets.xcassets in Resources */ = {isa = PBXBuildFile; fileRef = A517961C20BFC7B2004DA90C /* Assets.xcassets */; };
		A517962020BFC7B2004DA90C /* LaunchScreen.storyboard in Resources */ = {isa = PBXBuildFile; fileRef = A517961E20BFC7B2004DA90C /* LaunchScreen.storyboard */; };
		A517962820BFC9C8004DA90C /* ServerData.json in Resources */ = {isa = PBXBuildFile; fileRef = A517962720BFC9C8004DA90C /* ServerData.json */; };
		A517962A20BFCA4D004DA90C /* Profile.swift in Sources */ = {isa = PBXBuildFile; fileRef = A517962920BFCA4D004DA90C /* Profile.swift */; };
		A517962C20BFCBC1004DA90C /* Friend.swift in Sources */ = {isa = PBXBuildFile; fileRef = A517962B20BFCBC1004DA90C /* Friend.swift */; };
		A517962E20BFCBD8004DA90C /* Attribute.swift in Sources */ = {isa = PBXBuildFile; fileRef = A517962D20BFCBD8004DA90C /* Attribute.swift */; };
		A517963020BFCBEC004DA90C /* Helper.swift in Sources */ = {isa = PBXBuildFile; fileRef = A517962F20BFCBEC004DA90C /* Helper.swift */; };
		A517964120BFCFCE004DA90C /* ProfileViewModel.swift in Sources */ = {isa = PBXBuildFile; fileRef = A517964020BFCFCE004DA90C /* ProfileViewModel.swift */; };
		A517964420C05AC4004DA90C /* NamePictureCell.swift in Sources */ = {isa = PBXBuildFile; fileRef = A517964220C05AC4004DA90C /* NamePictureCell.swift */; };
		A517964520C05AC4004DA90C /* NamePictureCell.xib in Resources */ = {isa = PBXBuildFile; fileRef = A517964320C05AC4004DA90C /* NamePictureCell.xib */; };
		A517964820C05B78004DA90C /* AboutCell.swift in Sources */ = {isa = PBXBuildFile; fileRef = A517964620C05B78004DA90C /* AboutCell.swift */; };
		A517964920C05B78004DA90C /* AboutCell.xib in Resources */ = {isa = PBXBuildFile; fileRef = A517964720C05B78004DA90C /* AboutCell.xib */; };
		A517964C20C05BB2004DA90C /* EmailCell.swift in Sources */ = {isa = PBXBuildFile; fileRef = A517964A20C05BB2004DA90C /* EmailCell.swift */; };
		A517964D20C05BB2004DA90C /* EmailCell.xib in Resources */ = {isa = PBXBuildFile; fileRef = A517964B20C05BB2004DA90C /* EmailCell.xib */; };
		A517965020C05BE6004DA90C /* AttributeCell.swift in Sources */ = {isa = PBXBuildFile; fileRef = A517964E20C05BE6004DA90C /* AttributeCell.swift */; };
		A517965120C05BE6004DA90C /* AttributeCell.xib in Resources */ = {isa = PBXBuildFile; fileRef = A517964F20C05BE6004DA90C /* AttributeCell.xib */; };
		A517965420C05C22004DA90C /* FriendCell.swift in Sources */ = {isa = PBXBuildFile; fileRef = A517965220C05C22004DA90C /* FriendCell.swift */; };
		A517965520C05C22004DA90C /* FriendCell.xib in Resources */ = {isa = PBXBuildFile; fileRef = A517965320C05C22004DA90C /* FriendCell.xib */; };
/* End PBXBuildFile section */

/* Begin PBXFileReference section */
		A517961220BFC7AE004DA90C /* TableViewWithMultipleCellTypeDemo.app */ = {isa = PBXFileReference; explicitFileType = wrapper.application; includeInIndex = 0; path = TableViewWithMultipleCellTypeDemo.app; sourceTree = BUILT_PRODUCTS_DIR; };
		A517961520BFC7AE004DA90C /* AppDelegate.swift */ = {isa = PBXFileReference; lastKnownFileType = sourcecode.swift; path = AppDelegate.swift; sourceTree = "<group>"; };
		A517961720BFC7AF004DA90C /* ViewController.swift */ = {isa = PBXFileReference; lastKnownFileType = sourcecode.swift; path = ViewController.swift; sourceTree = "<group>"; };
		A517961A20BFC7AF004DA90C /* Base */ = {isa = PBXFileReference; lastKnownFileType = file.storyboard; name = Base; path = Base.lproj/Main.storyboard; sourceTree = "<group>"; };
		A517961C20BFC7B2004DA90C /* Assets.xcassets */ = {isa = PBXFileReference; lastKnownFileType = folder.assetcatalog; path = Assets.xcassets; sourceTree = "<group>"; };
		A517961F20BFC7B2004DA90C /* Base */ = {isa = PBXFileReference; lastKnownFileType = file.storyboard; name = Base; path = Base.lproj/LaunchScreen.storyboard; sourceTree = "<group>"; };
		A517962120BFC7B2004DA90C /* Info.plist */ = {isa = PBXFileReference; lastKnownFileType = text.plist.xml; path = Info.plist; sourceTree = "<group>"; };
		A517962720BFC9C8004DA90C /* ServerData.json */ = {isa = PBXFileReference; fileEncoding = 4; lastKnownFileType = text.json; path = ServerData.json; sourceTree = "<group>"; };
		A517962920BFCA4D004DA90C /* Profile.swift */ = {isa = PBXFileReference; lastKnownFileType = sourcecode.swift; path = Profile.swift; sourceTree = "<group>"; };
		A517962B20BFCBC1004DA90C /* Friend.swift */ = {isa = PBXFileReference; lastKnownFileType = sourcecode.swift; path = Friend.swift; sourceTree = "<group>"; };
		A517962D20BFCBD8004DA90C /* Attribute.swift */ = {isa = PBXFileReference; lastKnownFileType = sourcecode.swift; path = Attribute.swift; sourceTree = "<group>"; };
		A517962F20BFCBEC004DA90C /* Helper.swift */ = {isa = PBXFileReference; lastKnownFileType = sourcecode.swift; path = Helper.swift; sourceTree = "<group>"; };
		A517964020BFCFCE004DA90C /* ProfileViewModel.swift */ = {isa = PBXFileReference; lastKnownFileType = sourcecode.swift; path = ProfileViewModel.swift; sourceTree = "<group>"; };
		A517964220C05AC4004DA90C /* NamePictureCell.swift */ = {isa = PBXFileReference; lastKnownFileType = sourcecode.swift; path = NamePictureCell.swift; sourceTree = "<group>"; };
		A517964320C05AC4004DA90C /* NamePictureCell.xib */ = {isa = PBXFileReference; lastKnownFileType = file.xib; path = NamePictureCell.xib; sourceTree = "<group>"; };
		A517964620C05B78004DA90C /* AboutCell.swift */ = {isa = PBXFileReference; lastKnownFileType = sourcecode.swift; path = AboutCell.swift; sourceTree = "<group>"; };
		A517964720C05B78004DA90C /* AboutCell.xib */ = {isa = PBXFileReference; lastKnownFileType = file.xib; path = AboutCell.xib; sourceTree = "<group>"; };
		A517964A20C05BB2004DA90C /* EmailCell.swift */ = {isa = PBXFileReference; lastKnownFileType = sourcecode.swift; path = EmailCell.swift; sourceTree = "<group>"; };
		A517964B20C05BB2004DA90C /* EmailCell.xib */ = {isa = PBXFileReference; lastKnownFileType = file.xib; path = EmailCell.xib; sourceTree = "<group>"; };
		A517964E20C05BE6004DA90C /* AttributeCell.swift */ = {isa = PBXFileReference; lastKnownFileType = sourcecode.swift; path = AttributeCell.swift; sourceTree = "<group>"; };
		A517964F20C05BE6004DA90C /* AttributeCell.xib */ = {isa = PBXFileReference; lastKnownFileType = file.xib; path = AttributeCell.xib; sourceTree = "<group>"; };
		A517965220C05C22004DA90C /* FriendCell.swift */ = {isa = PBXFileReference; lastKnownFileType = sourcecode.swift; path = FriendCell.swift; sourceTree = "<group>"; };
		A517965320C05C22004DA90C /* FriendCell.xib */ = {isa = PBXFileReference; lastKnownFileType = file.xib; path = FriendCell.xib; sourceTree = "<group>"; };
/* End PBXFileReference section */

/* Begin PBXFrameworksBuildPhase section */
		A517960F20BFC7AE004DA90C /* Frameworks */ = {
			isa = PBXFrameworksBuildPhase;
			buildActionMask = 2147483647;
			files = (
			);
			runOnlyForDeploymentPostprocessing = 0;
		};
/* End PBXFrameworksBuildPhase section */

/* Begin PBXGroup section */
		A517960920BFC7AE004DA90C = {
			isa = PBXGroup;
			children = (
				A517961420BFC7AE004DA90C /* TableViewWithMultipleCellTypeDemo */,
				A517961320BFC7AE004DA90C /* Products */,
			);
			sourceTree = "<group>";
		};
		A517961320BFC7AE004DA90C /* Products */ = {
			isa = PBXGroup;
			children = (
				A517961220BFC7AE004DA90C /* TableViewWithMultipleCellTypeDemo.app */,
			);
			name = Products;
			sourceTree = "<group>";
		};
		A517961420BFC7AE004DA90C /* TableViewWithMultipleCellTypeDemo */ = {
			isa = PBXGroup;
			children = (
				A517963520BFCE84004DA90C /* View Model */,
				A517963320BFCE61004DA90C /* Model */,
				A517961520BFC7AE004DA90C /* AppDelegate.swift */,
				A517961720BFC7AF004DA90C /* ViewController.swift */,
				A517962F20BFCBEC004DA90C /* Helper.swift */,
				A517961920BFC7AF004DA90C /* Main.storyboard */,
				A517961C20BFC7B2004DA90C /* Assets.xcassets */,
				A517961E20BFC7B2004DA90C /* LaunchScreen.storyboard */,
				A517962120BFC7B2004DA90C /* Info.plist */,
				A517962720BFC9C8004DA90C /* ServerData.json */,
				A517964220C05AC4004DA90C /* NamePictureCell.swift */,
				A517964320C05AC4004DA90C /* NamePictureCell.xib */,
				A517964620C05B78004DA90C /* AboutCell.swift */,
				A517964720C05B78004DA90C /* AboutCell.xib */,
				A517964A20C05BB2004DA90C /* EmailCell.swift */,
				A517964B20C05BB2004DA90C /* EmailCell.xib */,
				A517964E20C05BE6004DA90C /* AttributeCell.swift */,
				A517964F20C05BE6004DA90C /* AttributeCell.xib */,
				A517965220C05C22004DA90C /* FriendCell.swift */,
				A517965320C05C22004DA90C /* FriendCell.xib */,
			);
			path = TableViewWithMultipleCellTypeDemo;
			sourceTree = "<group>";
		};
		A517963320BFCE61004DA90C /* Model */ = {
			isa = PBXGroup;
			children = (
				A517962920BFCA4D004DA90C /* Profile.swift */,
				A517962B20BFCBC1004DA90C /* Friend.swift */,
				A517962D20BFCBD8004DA90C /* Attribute.swift */,
			);
			path = Model;
			sourceTree = "<group>";
		};
		A517963520BFCE84004DA90C /* View Model */ = {
			isa = PBXGroup;
			children = (
				A517964020BFCFCE004DA90C /* ProfileViewModel.swift */,
			);
			path = "View Model";
			sourceTree = "<group>";
		};
/* End PBXGroup section */

/* Begin PBXNativeTarget section */
		A517961120BFC7AE004DA90C /* TableViewWithMultipleCellTypeDemo */ = {
			isa = PBXNativeTarget;
			buildConfigurationList = A517962420BFC7B2004DA90C /* Build configuration list for PBXNativeTarget "TableViewWithMultipleCellTypeDemo" */;
			buildPhases = (
				A517960E20BFC7AE004DA90C /* Sources */,
				A517960F20BFC7AE004DA90C /* Frameworks */,
				A517961020BFC7AE004DA90C /* Resources */,
			);
			buildRules = (
			);
			dependencies = (
			);
			name = TableViewWithMultipleCellTypeDemo;
			productName = TableViewWithMultipleCellTypeDemo;
			productReference = A517961220BFC7AE004DA90C /* TableViewWithMultipleCellTypeDemo.app */;
			productType = "com.apple.product-type.application";
		};
/* End PBXNativeTarget section */

/* Begin PBXProject section */
		A517960A20BFC7AE004DA90C /* Project object */ = {
			isa = PBXProject;
			attributes = {
				LastSwiftUpdateCheck = 0930;
				LastUpgradeCheck = 0930;
				ORGANIZATIONNAME = "Rui Mao";
				TargetAttributes = {
					A517961120BFC7AE004DA90C = {
						CreatedOnToolsVersion = 9.3.1;
					};
				};
			};
			buildConfigurationList = A517960D20BFC7AE004DA90C /* Build configuration list for PBXProject "TableViewWithMultipleCellTypeDemo" */;
			compatibilityVersion = "Xcode 9.3";
			developmentRegion = en;
			hasScannedForEncodings = 0;
			knownRegions = (
				en,
				Base,
			);
			mainGroup = A517960920BFC7AE004DA90C;
			productRefGroup = A517961320BFC7AE004DA90C /* Products */;
			projectDirPath = "";
			projectRoot = "";
			targets = (
				A517961120BFC7AE004DA90C /* TableViewWithMultipleCellTypeDemo */,
			);
		};
/* End PBXProject section */

/* Begin PBXResourcesBuildPhase section */
		A517961020BFC7AE004DA90C /* Resources */ = {
			isa = PBXResourcesBuildPhase;
			buildActionMask = 2147483647;
			files = (
				A517962820BFC9C8004DA90C /* ServerData.json in Resources */,
				A517964D20C05BB2004DA90C /* EmailCell.xib in Resources */,
				A517962020BFC7B2004DA90C /* LaunchScreen.storyboard in Resources */,
				A517961D20BFC7B2004DA90C /* Assets.xcassets in Resources */,
				A517965520C05C22004DA90C /* FriendCell.xib in Resources */,
				A517964920C05B78004DA90C /* AboutCell.xib in Resources */,
				A517961B20BFC7AF004DA90C /* Main.storyboard in Resources */,
				A517965120C05BE6004DA90C /* AttributeCell.xib in Resources */,
				A517964520C05AC4004DA90C /* NamePictureCell.xib in Resources */,
			);
			runOnlyForDeploymentPostprocessing = 0;
		};
/* End PBXResourcesBuildPhase section */

/* Begin PBXSourcesBuildPhase section */
		A517960E20BFC7AE004DA90C /* Sources */ = {
			isa = PBXSourcesBuildPhase;
			buildActionMask = 2147483647;
			files = (
				A517965020C05BE6004DA90C /* AttributeCell.swift in Sources */,
				A517964C20C05BB2004DA90C /* EmailCell.swift in Sources */,
				A517964820C05B78004DA90C /* AboutCell.swift in Sources */,
				A517964420C05AC4004DA90C /* NamePictureCell.swift in Sources */,
				A517962E20BFCBD8004DA90C /* Attribute.swift in Sources */,
				A517962A20BFCA4D004DA90C /* Profile.swift in Sources */,
				A517961820BFC7AF004DA90C /* ViewController.swift in Sources */,
				A517961620BFC7AE004DA90C /* AppDelegate.swift in Sources */,
				A517962C20BFCBC1004DA90C /* Friend.swift in Sources */,
				A517965420C05C22004DA90C /* FriendCell.swift in Sources */,
				A517964120BFCFCE004DA90C /* ProfileViewModel.swift in Sources */,
				A517963020BFCBEC004DA90C /* Helper.swift in Sources */,
			);
			runOnlyForDeploymentPostprocessing = 0;
		};
/* End PBXSourcesBuildPhase section */

/* Begin PBXVariantGroup section */
		A517961920BFC7AF004DA90C /* Main.storyboard */ = {
			isa = PBXVariantGroup;
			children = (
				A517961A20BFC7AF004DA90C /* Base */,
			);
			name = Main.storyboard;
			sourceTree = "<group>";
		};
		A517961E20BFC7B2004DA90C /* LaunchScreen.storyboard */ = {
			isa = PBXVariantGroup;
			children = (
				A517961F20BFC7B2004DA90C /* Base */,
			);
			name = LaunchScreen.storyboard;
			sourceTree = "<group>";
		};
/* End PBXVariantGroup section */

/* Begin XCBuildConfiguration section */
		A517962220BFC7B2004DA90C /* Debug */ = {
			isa = XCBuildConfiguration;
			buildSettings = {
				ALWAYS_SEARCH_USER_PATHS = NO;
				CLANG_ANALYZER_NONNULL = YES;
				CLANG_ANALYZER_NUMBER_OBJECT_CONVERSION = YES_AGGRESSIVE;
				CLANG_CXX_LANGUAGE_STANDARD = "gnu++14";
				CLANG_CXX_LIBRARY = "libc++";
				CLANG_ENABLE_MODULES = YES;
				CLANG_ENABLE_OBJC_ARC = YES;
				CLANG_ENABLE_OBJC_WEAK = YES;
				CLANG_WARN_BLOCK_CAPTURE_AUTORELEASING = YES;
				CLANG_WARN_BOOL_CONVERSION = YES;
				CLANG_WARN_COMMA = YES;
				CLANG_WARN_CONSTANT_CONVERSION = YES;
				CLANG_WARN_DEPRECATED_OBJC_IMPLEMENTATIONS = YES;
				CLANG_WARN_DIRECT_OBJC_ISA_USAGE = YES_ERROR;
				CLANG_WARN_DOCUMENTATION_COMMENTS = YES;
				CLANG_WARN_EMPTY_BODY = YES;
				CLANG_WARN_ENUM_CONVERSION = YES;
				CLANG_WARN_INFINITE_RECURSION = YES;
				CLANG_WARN_INT_CONVERSION = YES;
				CLANG_WARN_NON_LITERAL_NULL_CONVERSION = YES;
				CLANG_WARN_OBJC_IMPLICIT_RETAIN_SELF = YES;
				CLANG_WARN_OBJC_LITERAL_CONVERSION = YES;
				CLANG_WARN_OBJC_ROOT_CLASS = YES_ERROR;
				CLANG_WARN_RANGE_LOOP_ANALYSIS = YES;
				CLANG_WARN_STRICT_PROTOTYPES = YES;
				CLANG_WARN_SUSPICIOUS_MOVE = YES;
				CLANG_WARN_UNGUARDED_AVAILABILITY = YES_AGGRESSIVE;
				CLANG_WARN_UNREACHABLE_CODE = YES;
				CLANG_WARN__DUPLICATE_METHOD_MATCH = YES;
				CODE_SIGN_IDENTITY = "iPhone Developer";
				COPY_PHASE_STRIP = NO;
				DEBUG_INFORMATION_FORMAT = dwarf;
				ENABLE_STRICT_OBJC_MSGSEND = YES;
				ENABLE_TESTABILITY = YES;
				GCC_C_LANGUAGE_STANDARD = gnu11;
				GCC_DYNAMIC_NO_PIC = NO;
				GCC_NO_COMMON_BLOCKS = YES;
				GCC_OPTIMIZATION_LEVEL = 0;
				GCC_PREPROCESSOR_DEFINITIONS = (
					"DEBUG=1",
					"$(inherited)",
				);
				GCC_WARN_64_TO_32_BIT_CONVERSION = YES;
				GCC_WARN_ABOUT_RETURN_TYPE = YES_ERROR;
				GCC_WARN_UNDECLARED_SELECTOR = YES;
				GCC_WARN_UNINITIALIZED_AUTOS = YES_AGGRESSIVE;
				GCC_WARN_UNUSED_FUNCTION = YES;
				GCC_WARN_UNUSED_VARIABLE = YES;
				IPHONEOS_DEPLOYMENT_TARGET = 11.3;
				MTL_ENABLE_DEBUG_INFO = YES;
				ONLY_ACTIVE_ARCH = YES;
				SDKROOT = iphoneos;
				SWIFT_ACTIVE_COMPILATION_CONDITIONS = DEBUG;
				SWIFT_OPTIMIZATION_LEVEL = "-Onone";
			};
			name = Debug;
		};
		A517962320BFC7B2004DA90C /* Release */ = {
			isa = XCBuildConfiguration;
			buildSettings = {
				ALWAYS_SEARCH_USER_PATHS = NO;
				CLANG_ANALYZER_NONNULL = YES;
				CLANG_ANALYZER_NUMBER_OBJECT_CONVERSION = YES_AGGRESSIVE;
				CLANG_CXX_LANGUAGE_STANDARD = "gnu++14";
				CLANG_CXX_LIBRARY = "libc++";
				CLANG_ENABLE_MODULES = YES;
				CLANG_ENABLE_OBJC_ARC = YES;
				CLANG_ENABLE_OBJC_WEAK = YES;
				CLANG_WARN_BLOCK_CAPTURE_AUTORELEASING = YES;
				CLANG_WARN_BOOL_CONVERSION = YES;
				CLANG_WARN_COMMA = YES;
				CLANG_WARN_CONSTANT_CONVERSION = YES;
				CLANG_WARN_DEPRECATED_OBJC_IMPLEMENTATIONS = YES;
				CLANG_WARN_DIRECT_OBJC_ISA_USAGE = YES_ERROR;
				CLANG_WARN_DOCUMENTATION_COMMENTS = YES;
				CLANG_WARN_EMPTY_BODY = YES;
				CLANG_WARN_ENUM_CONVERSION = YES;
				CLANG_WARN_INFINITE_RECURSION = YES;
				CLANG_WARN_INT_CONVERSION = YES;
				CLANG_WARN_NON_LITERAL_NULL_CONVERSION = YES;
				CLANG_WARN_OBJC_IMPLICIT_RETAIN_SELF = YES;
				CLANG_WARN_OBJC_LITERAL_CONVERSION = YES;
				CLANG_WARN_OBJC_ROOT_CLASS = YES_ERROR;
				CLANG_WARN_RANGE_LOOP_ANALYSIS = YES;
				CLANG_WARN_STRICT_PROTOTYPES = YES;
				CLANG_WARN_SUSPICIOUS_MOVE = YES;
				CLANG_WARN_UNGUARDED_AVAILABILITY = YES_AGGRESSIVE;
				CLANG_WARN_UNREACHABLE_CODE = YES;
				CLANG_WARN__DUPLICATE_METHOD_MATCH = YES;
				CODE_SIGN_IDENTITY = "iPhone Developer";
				COPY_PHASE_STRIP = NO;
				DEBUG_INFORMATION_FORMAT = "dwarf-with-dsym";
				ENABLE_NS_ASSERTIONS = NO;
				ENABLE_STRICT_OBJC_MSGSEND = YES;
				GCC_C_LANGUAGE_STANDARD = gnu11;
				GCC_NO_COMMON_BLOCKS = YES;
				GCC_WARN_64_TO_32_BIT_CONVERSION = YES;
				GCC_WARN_ABOUT_RETURN_TYPE = YES_ERROR;
				GCC_WARN_UNDECLARED_SELECTOR = YES;
				GCC_WARN_UNINITIALIZED_AUTOS = YES_AGGRESSIVE;
				GCC_WARN_UNUSED_FUNCTION = YES;
				GCC_WARN_UNUSED_VARIABLE = YES;
				IPHONEOS_DEPLOYMENT_TARGET = 11.3;
				MTL_ENABLE_DEBUG_INFO = NO;
				SDKROOT = iphoneos;
				SWIFT_COMPILATION_MODE = wholemodule;
				SWIFT_OPTIMIZATION_LEVEL = "-O";
				VALIDATE_PRODUCT = YES;
			};
			name = Release;
		};
		A517962520BFC7B2004DA90C /* Debug */ = {
			isa = XCBuildConfiguration;
			buildSettings = {
				ASSETCATALOG_COMPILER_APPICON_NAME = AppIcon;
				CODE_SIGN_STYLE = Automatic;
				DEVELOPMENT_TEAM = BDVS636UPQ;
				INFOPLIST_FILE = TableViewWithMultipleCellTypeDemo/Info.plist;
				LD_RUNPATH_SEARCH_PATHS = (
					"$(inherited)",
					"@executable_path/Frameworks",
				);
				PRODUCT_BUNDLE_IDENTIFIER = rmao.TableViewWithMultipleCellTypeDemo;
				PRODUCT_NAME = "$(TARGET_NAME)";
				SWIFT_VERSION = 4.0;
				TARGETED_DEVICE_FAMILY = "1,2";
			};
			name = Debug;
		};
		A517962620BFC7B2004DA90C /* Release */ = {
			isa = XCBuildConfiguration;
			buildSettings = {
				ASSETCATALOG_COMPILER_APPICON_NAME = AppIcon;
				CODE_SIGN_STYLE = Automatic;
				DEVELOPMENT_TEAM = BDVS636UPQ;
				INFOPLIST_FILE = TableViewWithMultipleCellTypeDemo/Info.plist;
				LD_RUNPATH_SEARCH_PATHS = (
					"$(inherited)",
					"@executable_path/Frameworks",
				);
				PRODUCT_BUNDLE_IDENTIFIER = rmao.TableViewWithMultipleCellTypeDemo;
				PRODUCT_NAME = "$(TARGET_NAME)";
				SWIFT_VERSION = 4.0;
				TARGETED_DEVICE_FAMILY = "1,2";
			};
			name = Release;
		};
/* End XCBuildConfiguration section */

/* Begin XCConfigurationList section */
		A517960D20BFC7AE004DA90C /* Build configuration list for PBXProject "TableViewWithMultipleCellTypeDemo" */ = {
			isa = XCConfigurationList;
			buildConfigurations = (
				A517962220BFC7B2004DA90C /* Debug */,
				A517962320BFC7B2004DA90C /* Release */,
			);
			defaultConfigurationIsVisible = 0;
			defaultConfigurationName = Release;
		};
		A517962420BFC7B2004DA90C /* Build configuration list for PBXNativeTarget "TableViewWithMultipleCellTypeDemo" */ = {
			isa = XCConfigurationList;
			buildConfigurations = (
				A517962520BFC7B2004DA90C /* Debug */,
				A517962620BFC7B2004DA90C /* Release */,
			);
			defaultConfigurationIsVisible = 0;
			defaultConfigurationName = Release;
		};
/* End XCConfigurationList section */
	};
	rootObject = A517960A20BFC7AE004DA90C /* Project object */;
}
